// !$*UTF8*$!
{
	archiveVersion = 1;
	classes = {
	};
	objectVersion = 48;
	objects = {

/* Begin PBXBuildFile section */
		F0210A7B223FBC4800BE8233 /* Radio_button_off.png in Resources */ = {isa = PBXBuildFile; fileRef = F0210A7A223FBC4800BE8233 /* Radio_button_off.png */; };
		F053FE7D223F6BA00069E2DB /* ViewController_SignUp.m in Sources */ = {isa = PBXBuildFile; fileRef = F053FE7C223F6BA00069E2DB /* ViewController_SignUp.m */; };
		F06A000E223CBC4F00A6865E /* AppDelegate.m in Sources */ = {isa = PBXBuildFile; fileRef = F06A000D223CBC4F00A6865E /* AppDelegate.m */; };
		F06A0011223CBC4F00A6865E /* ViewController.m in Sources */ = {isa = PBXBuildFile; fileRef = F06A0010223CBC4F00A6865E /* ViewController.m */; };
		F06A0014223CBC4F00A6865E /* Main.storyboard in Resources */ = {isa = PBXBuildFile; fileRef = F06A0012223CBC4F00A6865E /* Main.storyboard */; };
		F06A0016223CBC4F00A6865E /* Assets.xcassets in Resources */ = {isa = PBXBuildFile; fileRef = F06A0015223CBC4F00A6865E /* Assets.xcassets */; };
		F06A0019223CBC4F00A6865E /* LaunchScreen.storyboard in Resources */ = {isa = PBXBuildFile; fileRef = F06A0017223CBC4F00A6865E /* LaunchScreen.storyboard */; };
		F06A001C223CBC4F00A6865E /* main.m in Sources */ = {isa = PBXBuildFile; fileRef = F06A001B223CBC4F00A6865E /* main.m */; };
		F06A0026223CBC4F00A6865E /* Assignment_2Tests.m in Sources */ = {isa = PBXBuildFile; fileRef = F06A0025223CBC4F00A6865E /* Assignment_2Tests.m */; };
		F06A0031223CBC4F00A6865E /* Assignment_2UITests.m in Sources */ = {isa = PBXBuildFile; fileRef = F06A0030223CBC4F00A6865E /* Assignment_2UITests.m */; };
		F0E48257223FB324007FCDEC /* Radio_button_on.png in Resources */ = {isa = PBXBuildFile; fileRef = F0E48256223FB324007FCDEC /* Radio_button_on.png */; };
/* End PBXBuildFile section */

/* Begin PBXContainerItemProxy section */
		F06A0022223CBC4F00A6865E /* PBXContainerItemProxy */ = {
			isa = PBXContainerItemProxy;
			containerPortal = F06A0001223CBC4F00A6865E /* Project object */;
			proxyType = 1;
			remoteGlobalIDString = F06A0008223CBC4F00A6865E;
			remoteInfo = Assignment_2;
		};
		F06A002D223CBC4F00A6865E /* PBXContainerItemProxy */ = {
			isa = PBXContainerItemProxy;
			containerPortal = F06A0001223CBC4F00A6865E /* Project object */;
			proxyType = 1;
			remoteGlobalIDString = F06A0008223CBC4F00A6865E;
			remoteInfo = Assignment_2;
		};
/* End PBXContainerItemProxy section */

/* Begin PBXFileReference section */
		F0210A7A223FBC4800BE8233 /* Radio_button_off.png */ = {isa = PBXFileReference; lastKnownFileType = image.png; name = Radio_button_off.png; path = ../../Radio_button_off.png; sourceTree = "<group>"; };
		F053FE7B223F6B550069E2DB /* ViewController_SignUp.h */ = {isa = PBXFileReference; lastKnownFileType = sourcecode.c.h; path = ViewController_SignUp.h; sourceTree = "<group>"; };
		F053FE7C223F6BA00069E2DB /* ViewController_SignUp.m */ = {isa = PBXFileReference; lastKnownFileType = sourcecode.c.objc; path = ViewController_SignUp.m; sourceTree = "<group>"; };
		F06A0009223CBC4F00A6865E /* Assignment_2.app */ = {isa = PBXFileReference; explicitFileType = wrapper.application; includeInIndex = 0; path = Assignment_2.app; sourceTree = BUILT_PRODUCTS_DIR; };
		F06A000C223CBC4F00A6865E /* AppDelegate.h */ = {isa = PBXFileReference; lastKnownFileType = sourcecode.c.h; path = AppDelegate.h; sourceTree = "<group>"; };
		F06A000D223CBC4F00A6865E /* AppDelegate.m */ = {isa = PBXFileReference; lastKnownFileType = sourcecode.c.objc; path = AppDelegate.m; sourceTree = "<group>"; };
		F06A000F223CBC4F00A6865E /* ViewController.h */ = {isa = PBXFileReference; lastKnownFileType = sourcecode.c.h; path = ViewController.h; sourceTree = "<group>"; };
		F06A0010223CBC4F00A6865E /* ViewController.m */ = {isa = PBXFileReference; lastKnownFileType = sourcecode.c.objc; path = ViewController.m; sourceTree = "<group>"; };
		F06A0013223CBC4F00A6865E /* Base */ = {isa = PBXFileReference; lastKnownFileType = file.storyboard; name = Base; path = Base.lproj/Main.storyboard; sourceTree = "<group>"; };
		F06A0015223CBC4F00A6865E /* Assets.xcassets */ = {isa = PBXFileReference; lastKnownFileType = folder.assetcatalog; path = Assets.xcassets; sourceTree = "<group>"; };
		F06A0018223CBC4F00A6865E /* Base */ = {isa = PBXFileReference; lastKnownFileType = file.storyboard; name = Base; path = Base.lproj/LaunchScreen.storyboard; sourceTree = "<group>"; };
		F06A001A223CBC4F00A6865E /* Info.plist */ = {isa = PBXFileReference; lastKnownFileType = text.plist.xml; path = Info.plist; sourceTree = "<group>"; };
		F06A001B223CBC4F00A6865E /* main.m */ = {isa = PBXFileReference; lastKnownFileType = sourcecode.c.objc; path = main.m; sourceTree = "<group>"; };
		F06A0021223CBC4F00A6865E /* Assignment_2Tests.xctest */ = {isa = PBXFileReference; explicitFileType = wrapper.cfbundle; includeInIndex = 0; path = Assignment_2Tests.xctest; sourceTree = BUILT_PRODUCTS_DIR; };
		F06A0025223CBC4F00A6865E /* Assignment_2Tests.m */ = {isa = PBXFileReference; lastKnownFileType = sourcecode.c.objc; path = Assignment_2Tests.m; sourceTree = "<group>"; };
		F06A0027223CBC4F00A6865E /* Info.plist */ = {isa = PBXFileReference; lastKnownFileType = text.plist.xml; path = Info.plist; sourceTree = "<group>"; };
		F06A002C223CBC4F00A6865E /* Assignment_2UITests.xctest */ = {isa = PBXFileReference; explicitFileType = wrapper.cfbundle; includeInIndex = 0; path = Assignment_2UITests.xctest; sourceTree = BUILT_PRODUCTS_DIR; };
		F06A0030223CBC4F00A6865E /* Assignment_2UITests.m */ = {isa = PBXFileReference; lastKnownFileType = sourcecode.c.objc; path = Assignment_2UITests.m; sourceTree = "<group>"; };
		F06A0032223CBC4F00A6865E /* Info.plist */ = {isa = PBXFileReference; lastKnownFileType = text.plist.xml; path = Info.plist; sourceTree = "<group>"; };
		F0E48256223FB324007FCDEC /* Radio_button_on.png */ = {isa = PBXFileReference; lastKnownFileType = image.png; name = Radio_button_on.png; path = ../../Radio_button_on.png; sourceTree = "<group>"; };
/* End PBXFileReference section */

/* Begin PBXFrameworksBuildPhase section */
		F06A0006223CBC4F00A6865E /* Frameworks */ = {
			isa = PBXFrameworksBuildPhase;
			buildActionMask = 2147483647;
			files = (
			);
			runOnlyForDeploymentPostprocessing = 0;
		};
		F06A001E223CBC4F00A6865E /* Frameworks */ = {
			isa = PBXFrameworksBuildPhase;
			buildActionMask = 2147483647;
			files = (
			);
			runOnlyForDeploymentPostprocessing = 0;
		};
		F06A0029223CBC4F00A6865E /* Frameworks */ = {
			isa = PBXFrameworksBuildPhase;
			buildActionMask = 2147483647;
			files = (
			);
			runOnlyForDeploymentPostprocessing = 0;
		};
/* End PBXFrameworksBuildPhase section */

/* Begin PBXGroup section */
		F06A0000223CBC4F00A6865E = {
			isa = PBXGroup;
			children = (
				F06A000B223CBC4F00A6865E /* Assignment_2 */,
				F06A0024223CBC4F00A6865E /* Assignment_2Tests */,
				F06A002F223CBC4F00A6865E /* Assignment_2UITests */,
				F06A000A223CBC4F00A6865E /* Products */,
			);
			sourceTree = "<group>";
		};
		F06A000A223CBC4F00A6865E /* Products */ = {
			isa = PBXGroup;
			children = (
				F06A0009223CBC4F00A6865E /* Assignment_2.app */,
				F06A0021223CBC4F00A6865E /* Assignment_2Tests.xctest */,
				F06A002C223CBC4F00A6865E /* Assignment_2UITests.xctest */,
			);
			name = Products;
			sourceTree = "<group>";
		};
		F06A000B223CBC4F00A6865E /* Assignment_2 */ = {
			isa = PBXGroup;
			children = (
				F06A000C223CBC4F00A6865E /* AppDelegate.h */,
				F06A000D223CBC4F00A6865E /* AppDelegate.m */,
				F06A000F223CBC4F00A6865E /* ViewController.h */,
				F06A0010223CBC4F00A6865E /* ViewController.m */,
				F06A0012223CBC4F00A6865E /* Main.storyboard */,
				F06A0015223CBC4F00A6865E /* Assets.xcassets */,
				F0210A7A223FBC4800BE8233 /* Radio_button_off.png */,
				F0E48256223FB324007FCDEC /* Radio_button_on.png */,
				F06A0017223CBC4F00A6865E /* LaunchScreen.storyboard */,
				F06A001A223CBC4F00A6865E /* Info.plist */,
				F06A001B223CBC4F00A6865E /* main.m */,
				F053FE7B223F6B550069E2DB /* ViewController_SignUp.h */,
				F053FE7C223F6BA00069E2DB /* ViewController_SignUp.m */,
			);
			path = Assignment_2;
			sourceTree = "<group>";
		};
		F06A0024223CBC4F00A6865E /* Assignment_2Tests */ = {
			isa = PBXGroup;
			children = (
				F06A0025223CBC4F00A6865E /* Assignment_2Tests.m */,
				F06A0027223CBC4F00A6865E /* Info.plist */,
			);
			path = Assignment_2Tests;
			sourceTree = "<group>";
		};
		F06A002F223CBC4F00A6865E /* Assignment_2UITests */ = {
			isa = PBXGroup;
			children = (
				F06A0030223CBC4F00A6865E /* Assignment_2UITests.m */,
				F06A0032223CBC4F00A6865E /* Info.plist */,
			);
			path = Assignment_2UITests;
			sourceTree = "<group>";
		};
/* End PBXGroup section */

/* Begin PBXNativeTarget section */
		F06A0008223CBC4F00A6865E /* Assignment_2 */ = {
			isa = PBXNativeTarget;
			buildConfigurationList = F06A0035223CBC4F00A6865E /* Build configuration list for PBXNativeTarget "Assignment_2" */;
			buildPhases = (
				F06A0005223CBC4F00A6865E /* Sources */,
				F06A0006223CBC4F00A6865E /* Frameworks */,
				F06A0007223CBC4F00A6865E /* Resources */,
			);
			buildRules = (
			);
			dependencies = (
			);
			name = Assignment_2;
			productName = Assignment_2;
			productReference = F06A0009223CBC4F00A6865E /* Assignment_2.app */;
			productType = "com.apple.product-type.application";
		};
		F06A0020223CBC4F00A6865E /* Assignment_2Tests */ = {
			isa = PBXNativeTarget;
			buildConfigurationList = F06A0038223CBC4F00A6865E /* Build configuration list for PBXNativeTarget "Assignment_2Tests" */;
			buildPhases = (
				F06A001D223CBC4F00A6865E /* Sources */,
				F06A001E223CBC4F00A6865E /* Frameworks */,
				F06A001F223CBC4F00A6865E /* Resources */,
			);
			buildRules = (
			);
			dependencies = (
				F06A0023223CBC4F00A6865E /* PBXTargetDependency */,
			);
			name = Assignment_2Tests;
			productName = Assignment_2Tests;
			productReference = F06A0021223CBC4F00A6865E /* Assignment_2Tests.xctest */;
			productType = "com.apple.product-type.bundle.unit-test";
		};
		F06A002B223CBC4F00A6865E /* Assignment_2UITests */ = {
			isa = PBXNativeTarget;
			buildConfigurationList = F06A003B223CBC4F00A6865E /* Build configuration list for PBXNativeTarget "Assignment_2UITests" */;
			buildPhases = (
				F06A0028223CBC4F00A6865E /* Sources */,
				F06A0029223CBC4F00A6865E /* Frameworks */,
				F06A002A223CBC4F00A6865E /* Resources */,
			);
			buildRules = (
			);
			dependencies = (
				F06A002E223CBC4F00A6865E /* PBXTargetDependency */,
			);
			name = Assignment_2UITests;
			productName = Assignment_2UITests;
			productReference = F06A002C223CBC4F00A6865E /* Assignment_2UITests.xctest */;
			productType = "com.apple.product-type.bundle.ui-testing";
		};
/* End PBXNativeTarget section */

/* Begin PBXProject section */
		F06A0001223CBC4F00A6865E /* Project object */ = {
			isa = PBXProject;
			attributes = {
				LastUpgradeCheck = 0920;
				ORGANIZATIONNAME = "aliasagar abadani";
				TargetAttributes = {
					F06A0008223CBC4F00A6865E = {
						CreatedOnToolsVersion = 9.2;
						ProvisioningStyle = Automatic;
					};
					F06A0020223CBC4F00A6865E = {
						CreatedOnToolsVersion = 9.2;
						ProvisioningStyle = Automatic;
						TestTargetID = F06A0008223CBC4F00A6865E;
					};
					F06A002B223CBC4F00A6865E = {
						CreatedOnToolsVersion = 9.2;
						ProvisioningStyle = Automatic;
						TestTargetID = F06A0008223CBC4F00A6865E;
					};
				};
			};
			buildConfigurationList = F06A0004223CBC4F00A6865E /* Build configuration list for PBXProject "Assignment_2" */;
			compatibilityVersion = "Xcode 8.0";
			developmentRegion = en;
			hasScannedForEncodings = 0;
			knownRegions = (
				en,
				Base,
			);
			mainGroup = F06A0000223CBC4F00A6865E;
			productRefGroup = F06A000A223CBC4F00A6865E /* Products */;
			projectDirPath = "";
			projectRoot = "";
			targets = (
				F06A0008223CBC4F00A6865E /* Assignment_2 */,
				F06A0020223CBC4F00A6865E /* Assignment_2Tests */,
				F06A002B223CBC4F00A6865E /* Assignment_2UITests */,
			);
		};
/* End PBXProject section */

/* Begin PBXResourcesBuildPhase section */
		F06A0007223CBC4F00A6865E /* Resources */ = {
			isa = PBXResourcesBuildPhase;
			buildActionMask = 2147483647;
			files = (
				F06A0019223CBC4F00A6865E /* LaunchScreen.storyboard in Resources */,
				F0E48257223FB324007FCDEC /* Radio_button_on.png in Resources */,
				F06A0016223CBC4F00A6865E /* Assets.xcassets in Resources */,
				F0210A7B223FBC4800BE8233 /* Radio_button_off.png in Resources */,
				F06A0014223CBC4F00A6865E /* Main.storyboard in Resources */,
			);
			runOnlyForDeploymentPostprocessing = 0;
		};
		F06A001F223CBC4F00A6865E /* Resources */ = {
			isa = PBXResourcesBuildPhase;
			buildActionMask = 2147483647;
			files = (
			);
			runOnlyForDeploymentPostprocessing = 0;
		};
		F06A002A223CBC4F00A6865E /* Resources */ = {
			isa = PBXResourcesBuildPhase;
			buildActionMask = 2147483647;
			files = (
			);
			runOnlyForDeploymentPostprocessing = 0;
		};
/* End PBXResourcesBuildPhase section */

/* Begin PBXSourcesBuildPhase section */
		F06A0005223CBC4F00A6865E /* Sources */ = {
			isa = PBXSourcesBuildPhase;
			buildActionMask = 2147483647;
			files = (
				F053FE7D223F6BA00069E2DB /* ViewController_SignUp.m in Sources */,
				F06A0011223CBC4F00A6865E /* ViewController.m in Sources */,
				F06A001C223CBC4F00A6865E /* main.m in Sources */,
				F06A000E223CBC4F00A6865E /* AppDelegate.m in Sources */,
			);
			runOnlyForDeploymentPostprocessing = 0;
		};
		F06A001D223CBC4F00A6865E /* Sources */ = {
			isa = PBXSourcesBuildPhase;
			buildActionMask = 2147483647;
			files = (
				F06A0026223CBC4F00A6865E /* Assignment_2Tests.m in Sources */,
			);
			runOnlyForDeploymentPostprocessing = 0;
		};
		F06A0028223CBC4F00A6865E /* Sources */ = {
			isa = PBXSourcesBuildPhase;
			buildActionMask = 2147483647;
			files = (
				F06A0031223CBC4F00A6865E /* Assignment_2UITests.m in Sources */,
			);
			runOnlyForDeploymentPostprocessing = 0;
		};
/* End PBXSourcesBuildPhase section */

/* Begin PBXTargetDependency section */
		F06A0023223CBC4F00A6865E /* PBXTargetDependency */ = {
			isa = PBXTargetDependency;
			target = F06A0008223CBC4F00A6865E /* Assignment_2 */;
			targetProxy = F06A0022223CBC4F00A6865E /* PBXContainerItemProxy */;
		};
		F06A002E223CBC4F00A6865E /* PBXTargetDependency */ = {
			isa = PBXTargetDependency;
			target = F06A0008223CBC4F00A6865E /* Assignment_2 */;
			targetProxy = F06A002D223CBC4F00A6865E /* PBXContainerItemProxy */;
		};
/* End PBXTargetDependency section */

/* Begin PBXVariantGroup section */
		F06A0012223CBC4F00A6865E /* Main.storyboard */ = {
			isa = PBXVariantGroup;
			children = (
				F06A0013223CBC4F00A6865E /* Base */,
			);
			name = Main.storyboard;
			sourceTree = "<group>";
		};
		F06A0017223CBC4F00A6865E /* LaunchScreen.storyboard */ = {
			isa = PBXVariantGroup;
			children = (
				F06A0018223CBC4F00A6865E /* Base */,
			);
			name = LaunchScreen.storyboard;
			sourceTree = "<group>";
		};
/* End PBXVariantGroup section */

/* Begin XCBuildConfiguration section */
		F06A0033223CBC4F00A6865E /* Debug */ = {
			isa = XCBuildConfiguration;
			buildSettings = {
				ALWAYS_SEARCH_USER_PATHS = NO;
				CLANG_ANALYZER_NONNULL = YES;
				CLANG_ANALYZER_NUMBER_OBJECT_CONVERSION = YES_AGGRESSIVE;
				CLANG_CXX_LANGUAGE_STANDARD = "gnu++14";
				CLANG_CXX_LIBRARY = "libc++";
				CLANG_ENABLE_MODULES = YES;
				CLANG_ENABLE_OBJC_ARC = YES;
				CLANG_WARN_BLOCK_CAPTURE_AUTORELEASING = YES;
				CLANG_WARN_BOOL_CONVERSION = YES;
				CLANG_WARN_COMMA = YES;
				CLANG_WARN_CONSTANT_CONVERSION = YES;
				CLANG_WARN_DIRECT_OBJC_ISA_USAGE = YES_ERROR;
				CLANG_WARN_DOCUMENTATION_COMMENTS = YES;
				CLANG_WARN_EMPTY_BODY = YES;
				CLANG_WARN_ENUM_CONVERSION = YES;
				CLANG_WARN_INFINITE_RECURSION = YES;
				CLANG_WARN_INT_CONVERSION = YES;
				CLANG_WARN_NON_LITERAL_NULL_CONVERSION = YES;
				CLANG_WARN_OBJC_LITERAL_CONVERSION = YES;
				CLANG_WARN_OBJC_ROOT_CLASS = YES_ERROR;
				CLANG_WARN_RANGE_LOOP_ANALYSIS = YES;
				CLANG_WARN_STRICT_PROTOTYPES = YES;
				CLANG_WARN_SUSPICIOUS_MOVE = YES;
				CLANG_WARN_UNGUARDED_AVAILABILITY = YES_AGGRESSIVE;
				CLANG_WARN_UNREACHABLE_CODE = YES;
				CLANG_WARN__DUPLICATE_METHOD_MATCH = YES;
				CODE_SIGN_IDENTITY = "iPhone Developer";
				COPY_PHASE_STRIP = NO;
				DEBUG_INFORMATION_FORMAT = dwarf;
				ENABLE_STRICT_OBJC_MSGSEND = YES;
				ENABLE_TESTABILITY = YES;
				GCC_C_LANGUAGE_STANDARD = gnu11;
				GCC_DYNAMIC_NO_PIC = NO;
				GCC_NO_COMMON_BLOCKS = YES;
				GCC_OPTIMIZATION_LEVEL = 0;
				GCC_PREPROCESSOR_DEFINITIONS = (
					"DEBUG=1",
					"$(inherited)",
				);
				GCC_WARN_64_TO_32_BIT_CONVERSION = YES;
				GCC_WARN_ABOUT_RETURN_TYPE = YES_ERROR;
				GCC_WARN_UNDECLARED_SELECTOR = YES;
				GCC_WARN_UNINITIALIZED_AUTOS = YES_AGGRESSIVE;
				GCC_WARN_UNUSED_FUNCTION = YES;
				GCC_WARN_UNUSED_VARIABLE = YES;
				IPHONEOS_DEPLOYMENT_TARGET = 11.2;
				MTL_ENABLE_DEBUG_INFO = YES;
				ONLY_ACTIVE_ARCH = YES;
				SDKROOT = iphoneos;
			};
			name = Debug;
		};
		F06A0034223CBC4F00A6865E /* Release */ = {
			isa = XCBuildConfiguration;
			buildSettings = {
				ALWAYS_SEARCH_USER_PATHS = NO;
				CLANG_ANALYZER_NONNULL = YES;
				CLANG_ANALYZER_NUMBER_OBJECT_CONVERSION = YES_AGGRESSIVE;
				CLANG_CXX_LANGUAGE_STANDARD = "gnu++14";
				CLANG_CXX_LIBRARY = "libc++";
				CLANG_ENABLE_MODULES = YES;
				CLANG_ENABLE_OBJC_ARC = YES;
				CLANG_WARN_BLOCK_CAPTURE_AUTORELEASING = YES;
				CLANG_WARN_BOOL_CONVERSION = YES;
				CLANG_WARN_COMMA = YES;
				CLANG_WARN_CONSTANT_CONVERSION = YES;
				CLANG_WARN_DIRECT_OBJC_ISA_USAGE = YES_ERROR;
				CLANG_WARN_DOCUMENTATION_COMMENTS = YES;
				CLANG_WARN_EMPTY_BODY = YES;
				CLANG_WARN_ENUM_CONVERSION = YES;
				CLANG_WARN_INFINITE_RECURSION = YES;
				CLANG_WARN_INT_CONVERSION = YES;
				CLANG_WARN_NON_LITERAL_NULL_CONVERSION = YES;
				CLANG_WARN_OBJC_LITERAL_CONVERSION = YES;
				CLANG_WARN_OBJC_ROOT_CLASS = YES_ERROR;
				CLANG_WARN_RANGE_LOOP_ANALYSIS = YES;
				CLANG_WARN_STRICT_PROTOTYPES = YES;
				CLANG_WARN_SUSPICIOUS_MOVE = YES;
				CLANG_WARN_UNGUARDED_AVAILABILITY = YES_AGGRESSIVE;
				CLANG_WARN_UNREACHABLE_CODE = YES;
				CLANG_WARN__DUPLICATE_METHOD_MATCH = YES;
				CODE_SIGN_IDENTITY = "iPhone Developer";
				COPY_PHASE_STRIP = NO;
				DEBUG_INFORMATION_FORMAT = "dwarf-with-dsym";
				ENABLE_NS_ASSERTIONS = NO;
				ENABLE_STRICT_OBJC_MSGSEND = YES;
				GCC_C_LANGUAGE_STANDARD = gnu11;
				GCC_NO_COMMON_BLOCKS = YES;
				GCC_WARN_64_TO_32_BIT_CONVERSION = YES;
				GCC_WARN_ABOUT_RETURN_TYPE = YES_ERROR;
				GCC_WARN_UNDECLARED_SELECTOR = YES;
				GCC_WARN_UNINITIALIZED_AUTOS = YES_AGGRESSIVE;
				GCC_WARN_UNUSED_FUNCTION = YES;
				GCC_WARN_UNUSED_VARIABLE = YES;
				IPHONEOS_DEPLOYMENT_TARGET = 11.2;
				MTL_ENABLE_DEBUG_INFO = NO;
				SDKROOT = iphoneos;
				VALIDATE_PRODUCT = YES;
			};
			name = Release;
		};
		F06A0036223CBC4F00A6865E /* Debug */ = {
			isa = XCBuildConfiguration;
			buildSettings = {
				ASSETCATALOG_COMPILER_APPICON_NAME = AppIcon;
				CODE_SIGN_STYLE = Automatic;
				INFOPLIST_FILE = Assignment_2/Info.plist;
				LD_RUNPATH_SEARCH_PATHS = "$(inherited) @executable_path/Frameworks";
				PRODUCT_BUNDLE_IDENTIFIER = "com.promactinfo.aliasgar.Assignment-2";
				PRODUCT_NAME = "$(TARGET_NAME)";
				TARGETED_DEVICE_FAMILY = "1,2";
			};
			name = Debug;
		};
		F06A0037223CBC4F00A6865E /* Release */ = {
			isa = XCBuildConfiguration;
			buildSettings = {
				ASSETCATALOG_COMPILER_APPICON_NAME = AppIcon;
				CODE_SIGN_STYLE = Automatic;
				INFOPLIST_FILE = Assignment_2/Info.plist;
				LD_RUNPATH_SEARCH_PATHS = "$(inherited) @executable_path/Frameworks";
				PRODUCT_BUNDLE_IDENTIFIER = "com.promactinfo.aliasgar.Assignment-2";
				PRODUCT_NAME = "$(TARGET_NAME)";
				TARGETED_DEVICE_FAMILY = "1,2";
			};
			name = Release;
		};
		F06A0039223CBC4F00A6865E /* Debug */ = {
			isa = XCBuildConfiguration;
			buildSettings = {
				BUNDLE_LOADER = "$(TEST_HOST)";
				CODE_SIGN_STYLE = Automatic;
				INFOPLIST_FILE = Assignment_2Tests/Info.plist;
				LD_RUNPATH_SEARCH_PATHS = "$(inherited) @executable_path/Frameworks @loader_path/Frameworks";
				PRODUCT_BUNDLE_IDENTIFIER = "com.promactinfo.aliasgar.Assignment-2Tests";
				PRODUCT_NAME = "$(TARGET_NAME)";
				TARGETED_DEVICE_FAMILY = "1,2";
				TEST_HOST = "$(BUILT_PRODUCTS_DIR)/Assignment_2.app/Assignment_2";
			};
			name = Debug;
		};
		F06A003A223CBC4F00A6865E /* Release */ = {
			isa = XCBuildConfiguration;
			buildSettings = {
				BUNDLE_LOADER = "$(TEST_HOST)";
				CODE_SIGN_STYLE = Automatic;
				INFOPLIST_FILE = Assignment_2Tests/Info.plist;
				LD_RUNPATH_SEARCH_PATHS = "$(inherited) @executable_path/Frameworks @loader_path/Frameworks";
				PRODUCT_BUNDLE_IDENTIFIER = "com.promactinfo.aliasgar.Assignment-2Tests";
				PRODUCT_NAME = "$(TARGET_NAME)";
				TARGETED_DEVICE_FAMILY = "1,2";
				TEST_HOST = "$(BUILT_PRODUCTS_DIR)/Assignment_2.app/Assignment_2";
			};
			name = Release;
		};
		F06A003C223CBC4F00A6865E /* Debug */ = {
			isa = XCBuildConfiguration;
			buildSettings = {
				CODE_SIGN_STYLE = Automatic;
				INFOPLIST_FILE = Assignment_2UITests/Info.plist;
				LD_RUNPATH_SEARCH_PATHS = "$(inherited) @executable_path/Frameworks @loader_path/Frameworks";
				PRODUCT_BUNDLE_IDENTIFIER = "com.promactinfo.aliasgar.Assignment-2UITests";
				PRODUCT_NAME = "$(TARGET_NAME)";
				TARGETED_DEVICE_FAMILY = "1,2";
				TEST_TARGET_NAME = Assignment_2;
			};
			name = Debug;
		};
		F06A003D223CBC4F00A6865E /* Release */ = {
			isa = XCBuildConfiguration;
			buildSettings = {
				CODE_SIGN_STYLE = Automatic;
				INFOPLIST_FILE = Assignment_2UITests/Info.plist;
				LD_RUNPATH_SEARCH_PATHS = "$(inherited) @executable_path/Frameworks @loader_path/Frameworks";
				PRODUCT_BUNDLE_IDENTIFIER = "com.promactinfo.aliasgar.Assignment-2UITests";
				PRODUCT_NAME = "$(TARGET_NAME)";
				TARGETED_DEVICE_FAMILY = "1,2";
				TEST_TARGET_NAME = Assignment_2;
			};
			name = Release;
		};
/* End XCBuildConfiguration section */

/* Begin XCConfigurationList section */
		F06A0004223CBC4F00A6865E /* Build configuration list for PBXProject "Assignment_2" */ = {
			isa = XCConfigurationList;
			buildConfigurations = (
				F06A0033223CBC4F00A6865E /* Debug */,
				F06A0034223CBC4F00A6865E /* Release */,
			);
			defaultConfigurationIsVisible = 0;
			defaultConfigurationName = Release;
		};
		F06A0035223CBC4F00A6865E /* Build configuration list for PBXNativeTarget "Assignment_2" */ = {
			isa = XCConfigurationList;
			buildConfigurations = (
				F06A0036223CBC4F00A6865E /* Debug */,
				F06A0037223CBC4F00A6865E /* Release */,
			);
			defaultConfigurationIsVisible = 0;
			defaultConfigurationName = Release;
		};
		F06A0038223CBC4F00A6865E /* Build configuration list for PBXNativeTarget "Assignment_2Tests" */ = {
			isa = XCConfigurationList;
			buildConfigurations = (
				F06A0039223CBC4F00A6865E /* Debug */,
				F06A003A223CBC4F00A6865E /* Release */,
			);
			defaultConfigurationIsVisible = 0;
			defaultConfigurationName = Release;
		};
		F06A003B223CBC4F00A6865E /* Build configuration list for PBXNativeTarget "Assignment_2UITests" */ = {
			isa = XCConfigurationList;
			buildConfigurations = (
				F06A003C223CBC4F00A6865E /* Debug */,
				F06A003D223CBC4F00A6865E /* Release */,
			);
			defaultConfigurationIsVisible = 0;
			defaultConfigurationName = Release;
		};
/* End XCConfigurationList section */
	};
	rootObject = F06A0001223CBC4F00A6865E /* Project object */;
}
